<?xml version="1.0" encoding="utf-8"?>
<Project ToolsVersion="4.0" xmlns="http://schemas.microsoft.com/developer/msbuild/2003">
  <ItemGroup>
    <Filter Include="General">
      <UniqueIdentifier>{4FC737F1-C7A5-4376-A066-2A32D752A2FF}</UniqueIdentifier>
      <Extensions>cpp;c;cc;cxx;def;odl;idl;hpj;bat;asm;asmx</Extensions>
    </Filter>
    <Filter Include="Entities">
      <UniqueIdentifier>{c71225e0-ce83-4fe0-8e31-11ed7a05c5af}</UniqueIdentifier>
    </Filter>
    <Filter Include="World">
      <UniqueIdentifier>{595463e2-c43f-427f-bcac-432bf8693d9a}</UniqueIdentifier>
    </Filter>
    <Filter Include="Physics">
      <UniqueIdentifier>{cd830abc-24ed-4f21-b832-9431638aeaf2}</UniqueIdentifier>
    </Filter>
  </ItemGroup>
  <ItemGroup>
    <ClCompile Include="Main_Win32.cpp">
      <Filter>General</Filter>
    </ClCompile>
    <ClCompile Include="TheApp.cpp">
      <Filter>General</Filter>
    </ClCompile>
    <ClCompile Include="TheGame.cpp">
      <Filter>General</Filter>
    </ClCompile>
    <ClCompile Include="GameCommon.cpp">
      <Filter>General</Filter>
    </ClCompile>
    <ClCompile Include="Camera.cpp">
      <Filter>General</Filter>
    </ClCompile>
    <ClCompile Include="Entities\Bullet.cpp">
      <Filter>Entities</Filter>
    </ClCompile>
    <ClCompile Include="Entities\EnemyBullet.cpp">
      <Filter>Entities</Filter>
    </ClCompile>
    <ClCompile Include="Entities\EnemyTank.cpp">
      <Filter>Entities</Filter>
    </ClCompile>
    <ClCompile Include="Entities\EnemyTurret.cpp">
      <Filter>Entities</Filter>
    </ClCompile>
    <ClCompile Include="Entities/Entity.cpp">
      <Filter>Entities</Filter>
    </ClCompile>
    <ClCompile Include="Entities\EntityFactory.cpp">
      <Filter>Entities</Filter>
    </ClCompile>
    <ClCompile Include="Entities\PlayerBullet.cpp">
      <Filter>Entities</Filter>
    </ClCompile>
    <ClCompile Include="Entities\PlayerTank.cpp">
      <Filter>Entities</Filter>
    </ClCompile>
    <ClCompile Include="Entities\Tank.cpp">
      <Filter>Entities</Filter>
    </ClCompile>
    <ClCompile Include="Physics\RaycastResult2D.cpp">
      <Filter>Physics</Filter>
    </ClCompile>
    <ClCompile Include="World\Tile.cpp">
      <Filter>World</Filter>
    </ClCompile>
    <ClCompile Include="World\TileDefinition.cpp">
      <Filter>World</Filter>
    </ClCompile>
    <ClCompile Include="World\Map.cpp">
      <Filter>World</Filter>
    </ClCompile>
    <ClCompile Include="World\TheWorld.cpp">
      <Filter>World</Filter>
    </ClCompile>
    <ClCompile Include="Entities\Explosion.cpp">
      <Filter>Entities</Filter>
    </ClCompile>
    <ClCompile Include="IncursionAudioManager.cpp">
      <Filter>General</Filter>
    </ClCompile>
    <ClCompile Include="AttractMenu.cpp">
      <Filter>General</Filter>
    </ClCompile>
    <ClCompile Include="VictoryScreen.cpp">
      <Filter>General</Filter>
    </ClCompile>
  </ItemGroup>
  <ItemGroup>
    <ClInclude Include="TheApp.hpp">
      <Filter>General</Filter>
    </ClInclude>
    <ClInclude Include="TheGame.hpp">
      <Filter>General</Filter>
    </ClInclude>
    <ClInclude Include="GameCommon.hpp">
      <Filter>General</Filter>
    </ClInclude>
    <ClInclude Include="Camera.hpp">
      <Filter>General</Filter>
    </ClInclude>
    <ClInclude Include="Entities\Bullet.hpp">
      <Filter>Entities</Filter>
    </ClInclude>
    <ClInclude Include="Entities\EnemyBullet.hpp">
      <Filter>Entities</Filter>
    </ClInclude>
    <ClInclude Include="Entities\EnemyTank.hpp">
      <Filter>Entities</Filter>
    </ClInclude>
    <ClInclude Include="Entities\EnemyTurret.hpp">
      <Filter>Entities</Filter>
    </ClInclude>
    <ClInclude Include="Entities/Entity.hpp">
      <Filter>Entities</Filter>
    </ClInclude>
    <ClInclude Include="Entities\EntityFactory.hpp">
      <Filter>Entities</Filter>
    </ClInclude>
    <ClInclude Include="Entities\PlayerBullet.hpp">
      <Filter>Entities</Filter>
    </ClInclude>
    <ClInclude Include="Entities\PlayerTank.hpp">
      <Filter>Entities</Filter>
    </ClInclude>
    <ClInclude Include="Entities\Tank.hpp">
      <Filter>Entities</Filter>
    </ClInclude>
    <ClInclude Include="Physics\RaycastResult2D.hpp">
      <Filter>Physics</Filter>
    </ClInclude>
    <ClInclude Include="World\Tile.hpp">
      <Filter>World</Filter>
    </ClInclude>
    <ClInclude Include="World\TileDefinition.hpp">
      <Filter>World</Filter>
    </ClInclude>
    <ClInclude Include="World\Map.hpp">
      <Filter>World</Filter>
    </ClInclude>
    <ClInclude Include="World\TheWorld.hpp">
      <Filter>World</Filter>
    </ClInclude>
    <ClInclude Include="EngineBuildPreferences.hpp">
      <Filter>General</Filter>
    </ClInclude>
    <ClInclude Include="Entities\Explosion.hpp">
      <Filter>Entities</Filter>
    </ClInclude>
    <ClInclude Include="IncursionAudioManager.hpp">
      <Filter>General</Filter>
    </ClInclude>
    <ClInclude Include="AttractMenu.hpp">
      <Filter>General</Filter>
    </ClInclude>
    <ClInclude Include="VictoryScreen.hpp">
      <Filter>General</Filter>
    </ClInclude>
  </ItemGroup>
</Project>