<?xml version="1.0" encoding="utf-8"?>
<Project ToolsVersion="4.0" xmlns="http://schemas.microsoft.com/developer/msbuild/2003">
  <ItemGroup>
    <Filter Include="General">
      <UniqueIdentifier>{4FC737F1-C7A5-4376-A066-2A32D752A2FF}</UniqueIdentifier>
      <Extensions>cpp;c;cc;cxx;def;odl;idl;hpj;bat;asm;asmx</Extensions>
    </Filter>
  </ItemGroup>
  <ItemGroup>
    <ClCompile Include="Math\Vector2.cpp">
      <Filter>General</Filter>
    </ClCompile>
    <ClCompile Include="Math\MathUtils.cpp">
      <Filter>General</Filter>
    </ClCompile>
    <ClCompile Include="Renderer\Renderer.cpp">
      <Filter>General</Filter>
    </ClCompile>
    <ClCompile Include="Math\AABB2.cpp">
      <Filter>General</Filter>
    </ClCompile>
    <ClCompile Include="Math\Disc2.cpp">
      <Filter>General</Filter>
    </ClCompile>
    <ClCompile Include="Input\InputSystem.cpp">
      <Filter>General</Filter>
    </ClCompile>
    <ClCompile Include="Core\Rgba.cpp">
      <Filter>General</Filter>
    </ClCompile>
    <ClCompile Include="Input\AnalogJoystick.cpp">
      <Filter>General</Filter>
    </ClCompile>
    <ClCompile Include="Input\XboxController.cpp">
      <Filter>General</Filter>
    </ClCompile>
    <ClCompile Include="Input\KeyButtonState.cpp">
      <Filter>General</Filter>
    </ClCompile>
    <ClCompile Include="Core\Time.cpp">
      <Filter>General</Filter>
    </ClCompile>
  </ItemGroup>
  <ItemGroup>
    <ClInclude Include="Math\Vector2.hpp">
      <Filter>General</Filter>
    </ClInclude>
    <ClInclude Include="Math\MathUtils.hpp">
      <Filter>General</Filter>
    </ClInclude>
    <ClInclude Include="Renderer\Renderer.hpp">
      <Filter>General</Filter>
    </ClInclude>
    <ClInclude Include="Core\EngineCommon.hpp">
      <Filter>General</Filter>
    </ClInclude>
    <ClInclude Include="Math\AABB2.hpp">
      <Filter>General</Filter>
    </ClInclude>
    <ClInclude Include="Math\Disc2.hpp">
      <Filter>General</Filter>
    </ClInclude>
    <ClInclude Include="Input\InputSystem.hpp">
      <Filter>General</Filter>
    </ClInclude>
    <ClInclude Include="Core\Rgba.hpp">
      <Filter>General</Filter>
    </ClInclude>
    <ClInclude Include="Input\AnalogJoystick.hpp">
      <Filter>General</Filter>
    </ClInclude>
    <ClInclude Include="Input\XboxController.hpp" />
    <ClInclude Include="Input\KeyButtonState.hpp" />
    <ClInclude Include="Core\Time.hpp" />
  </ItemGroup>
</Project>