<?xml version="1.0" encoding="utf-8"?>
<Project ToolsVersion="4.0" xmlns="http://schemas.microsoft.com/developer/msbuild/2003">
  <ItemGroup>
    <Filter Include="Library Dependencies">
      <UniqueIdentifier>{91c09860-478b-47fd-aa5c-177d3699638a}</UniqueIdentifier>
    </Filter>
    <Filter Include="Renderer">
      <UniqueIdentifier>{885de4da-99e4-4e1a-a5c2-dd772a007156}</UniqueIdentifier>
    </Filter>
    <Filter Include="Math">
      <UniqueIdentifier>{4f10f0c3-92f8-483f-8f43-38e69c478d11}</UniqueIdentifier>
    </Filter>
    <Filter Include="Core">
      <UniqueIdentifier>{cb9ec7bf-ad64-482d-aef2-fb6b73b4c8c7}</UniqueIdentifier>
    </Filter>
    <Filter Include="Input">
      <UniqueIdentifier>{093a7980-5faa-4755-87c2-ff3366783c36}</UniqueIdentifier>
    </Filter>
    <Filter Include="Audio">
      <UniqueIdentifier>{75568176-f394-4a3c-9822-ac0e614e42f9}</UniqueIdentifier>
    </Filter>
    <Filter Include="Library Dependencies\stb">
      <UniqueIdentifier>{5108bca5-9373-4211-a580-712699f4bb99}</UniqueIdentifier>
    </Filter>
    <Filter Include="Library Dependencies\fmod">
      <UniqueIdentifier>{8723c802-14ef-4f92-9ea2-5d081a752583}</UniqueIdentifier>
    </Filter>
    <Filter Include="Library Dependencies\tinyXML2">
      <UniqueIdentifier>{be62770d-caf2-41d1-843c-c39251670e98}</UniqueIdentifier>
    </Filter>
    <Filter Include="FileUtils">
      <UniqueIdentifier>{c68a7a90-1f12-4f52-afef-40082203d62d}</UniqueIdentifier>
    </Filter>
    <Filter Include="Tools">
      <UniqueIdentifier>{e7794ccd-a620-4c5c-b3ea-865844fc66c6}</UniqueIdentifier>
    </Filter>
    <Filter Include="Library Dependencies\mikktspace">
      <UniqueIdentifier>{346b914b-40f9-4f41-894e-37dfb4f4e862}</UniqueIdentifier>
    </Filter>
    <Filter Include="OculusRift">
      <UniqueIdentifier>{993fab32-e88d-4dec-aa0a-3e59dfcd6d4d}</UniqueIdentifier>
    </Filter>
    <Filter Include="Library Dependencies\OculusSDK">
      <UniqueIdentifier>{2fc01e22-0d05-479f-aa01-dce8cf6de930}</UniqueIdentifier>
    </Filter>
    <Filter Include="Library Dependencies\OculusSDK\Extras">
      <UniqueIdentifier>{eba902ab-773e-4382-b7ce-d97f255729ec}</UniqueIdentifier>
    </Filter>
    <Filter Include="Tools\Profiler">
      <UniqueIdentifier>{57dcfb19-4053-41c7-a584-711fc2f1d421}</UniqueIdentifier>
    </Filter>
  </ItemGroup>
  <ItemGroup>
    <ClCompile Include="Input\XboxController.cpp">
      <Filter>Input</Filter>
    </ClCompile>
    <ClCompile Include="Input\KeyButtonState.cpp">
      <Filter>Input</Filter>
    </ClCompile>
    <ClCompile Include="Input\InputSystem.cpp">
      <Filter>Input</Filter>
    </ClCompile>
    <ClCompile Include="Input\AnalogJoystick.cpp">
      <Filter>Input</Filter>
    </ClCompile>
    <ClCompile Include="Math\Vector2.cpp">
      <Filter>Math</Filter>
    </ClCompile>
    <ClCompile Include="Math\MathUtils.cpp">
      <Filter>Math</Filter>
    </ClCompile>
    <ClCompile Include="Math\IntVector2.cpp">
      <Filter>Math</Filter>
    </ClCompile>
    <ClCompile Include="Math\Disc2.cpp">
      <Filter>Math</Filter>
    </ClCompile>
    <ClCompile Include="Math\AABB2.cpp">
      <Filter>Math</Filter>
    </ClCompile>
    <ClCompile Include="Renderer\Renderer.cpp">
      <Filter>Renderer</Filter>
    </ClCompile>
    <ClCompile Include="Renderer\Texture.cpp">
      <Filter>Renderer</Filter>
    </ClCompile>
    <ClCompile Include="Core\Time.cpp">
      <Filter>Core</Filter>
    </ClCompile>
    <ClCompile Include="Core\Rgba.cpp">
      <Filter>Core</Filter>
    </ClCompile>
    <ClCompile Include="Math\FloatRange.cpp">
      <Filter>Math</Filter>
    </ClCompile>
    <ClCompile Include="Math\IntRange.cpp">
      <Filter>Math</Filter>
    </ClCompile>
    <ClCompile Include="Renderer\SpriteAnimation.cpp">
      <Filter>Renderer</Filter>
    </ClCompile>
    <ClCompile Include="Core\ErrorWarningAssert.cpp">
      <Filter>Core</Filter>
    </ClCompile>
    <ClCompile Include="Core\StringUtils.cpp">
      <Filter>Core</Filter>
    </ClCompile>
    <ClCompile Include="Audio\AudioSystem.cpp">
      <Filter>Audio</Filter>
    </ClCompile>
    <ClCompile Include="..\ThirdParty\stb\stb_image.c">
      <Filter>Library Dependencies\stb</Filter>
    </ClCompile>
    <ClCompile Include="..\ThirdParty\tinyXML2\tinyxml2.cpp">
      <Filter>Library Dependencies\tinyXML2</Filter>
    </ClCompile>
    <ClCompile Include="Core\XmlUtilities.cpp">
      <Filter>Core</Filter>
    </ClCompile>
    <ClCompile Include="Core\Blackboard.cpp">
      <Filter>Core</Filter>
    </ClCompile>
    <ClCompile Include="Core\EngineCommon.cpp">
      <Filter>Core</Filter>
    </ClCompile>
    <ClCompile Include="Renderer\BitmapFont.cpp">
      <Filter>Renderer</Filter>
    </ClCompile>
    <ClCompile Include="Core\Image.cpp">
      <Filter>Core</Filter>
    </ClCompile>
    <ClCompile Include="Renderer\SpriteAnimationSet.cpp">
      <Filter>Renderer</Filter>
    </ClCompile>
    <ClCompile Include="Renderer\SpriteAnimationDefinition.cpp">
      <Filter>Renderer</Filter>
    </ClCompile>
    <ClCompile Include="Renderer\SpriteAnimationSetDefinition.cpp">
      <Filter>Renderer</Filter>
    </ClCompile>
    <ClCompile Include="Math\Matrix44.cpp">
      <Filter>Math</Filter>
    </ClCompile>
    <ClCompile Include="Core\Vertex.cpp">
      <Filter>Core</Filter>
    </ClCompile>
    <ClCompile Include="Math\Vector3.cpp">
      <Filter>Math</Filter>
    </ClCompile>
    <ClCompile Include="Math\CubicSpline.cpp">
      <Filter>Math</Filter>
    </ClCompile>
    <ClCompile Include="Renderer\GLFunctionBinding.cpp">
      <Filter>Renderer</Filter>
    </ClCompile>
    <ClCompile Include="FileUtils\File.cpp">
      <Filter>FileUtils</Filter>
    </ClCompile>
    <ClCompile Include="Renderer\RenderBuffer.cpp">
      <Filter>Renderer</Filter>
    </ClCompile>
    <ClCompile Include="Renderer\ShaderProgram.cpp">
      <Filter>Renderer</Filter>
    </ClCompile>
    <ClCompile Include="Renderer\Sampler.cpp">
      <Filter>Renderer</Filter>
    </ClCompile>
    <ClCompile Include="Core\Window.cpp">
      <Filter>Core</Filter>
    </ClCompile>
    <ClCompile Include="Tools\Command.cpp">
      <Filter>Tools</Filter>
    </ClCompile>
    <ClCompile Include="Tools\DevConsole.cpp">
      <Filter>Tools</Filter>
    </ClCompile>
    <ClCompile Include="Renderer\Camera.cpp">
      <Filter>Renderer</Filter>
    </ClCompile>
    <ClCompile Include="Renderer\GLUtils.cpp">
      <Filter>Renderer</Filter>
    </ClCompile>
    <ClCompile Include="Renderer\FrameBuffer.cpp">
      <Filter>Renderer</Filter>
    </ClCompile>
    <ClCompile Include="Math\Vector4.cpp">
      <Filter>Math</Filter>
    </ClCompile>
    <ClCompile Include="Math\IntVector3.cpp">
      <Filter>Math</Filter>
    </ClCompile>
    <ClCompile Include="Renderer\OrbitCamera.cpp">
      <Filter>Renderer</Filter>
    </ClCompile>
    <ClCompile Include="..\ThirdParty\stb\stb_image_write.c">
      <Filter>Library Dependencies\stb</Filter>
    </ClCompile>
    <ClCompile Include="Renderer\Mesh.cpp">
      <Filter>Renderer</Filter>
    </ClCompile>
    <ClCompile Include="Renderer\Sprite.cpp">
      <Filter>Renderer</Filter>
    </ClCompile>
    <ClCompile Include="Core\Clock.cpp">
      <Filter>Core</Filter>
    </ClCompile>
    <ClCompile Include="Math\Trajectory.cpp">
      <Filter>Math</Filter>
    </ClCompile>
    <ClCompile Include="Renderer\SpriteSheet.cpp">
      <Filter>Renderer</Filter>
    </ClCompile>
    <ClCompile Include="Renderer\MeshBuilder.cpp">
      <Filter>Renderer</Filter>
    </ClCompile>
    <ClCompile Include="Math\Transform.cpp">
      <Filter>Math</Filter>
    </ClCompile>
    <ClCompile Include="Renderer\DebugRenderSystem.cpp">
      <Filter>Renderer</Filter>
    </ClCompile>
    <ClCompile Include="Math\AABB3.cpp">
      <Filter>Math</Filter>
    </ClCompile>
    <ClCompile Include="Renderer\Shader.cpp">
      <Filter>Renderer</Filter>
    </ClCompile>
    <ClCompile Include="Renderer\RendererTypes.cpp">
      <Filter>Renderer</Filter>
    </ClCompile>
    <ClCompile Include="Renderer\UniformBuffer.cpp">
      <Filter>Renderer</Filter>
    </ClCompile>
    <ClCompile Include="Renderer\Light.cpp">
      <Filter>Renderer</Filter>
    </ClCompile>
    <ClCompile Include="..\ThirdParty\mikktspace\mikktspace.c">
      <Filter>Library Dependencies\mikktspace</Filter>
    </ClCompile>
    <ClCompile Include="Renderer\MeshBuilderMikkTImplementation.cpp">
      <Filter>Renderer</Filter>
    </ClCompile>
    <ClCompile Include="Renderer\SurfacePatch.cpp">
      <Filter>Renderer</Filter>
    </ClCompile>
    <ClCompile Include="Renderer\Material.cpp">
      <Filter>Renderer</Filter>
    </ClCompile>
    <ClCompile Include="Renderer\Renderable.cpp">
      <Filter>Renderer</Filter>
    </ClCompile>
    <ClCompile Include="Renderer\InputLayout.cpp">
      <Filter>Renderer</Filter>
    </ClCompile>
    <ClCompile Include="Renderer\Scene.cpp">
      <Filter>Renderer</Filter>
    </ClCompile>
    <ClCompile Include="Renderer\ForwardRenderingPath.cpp">
      <Filter>Renderer</Filter>
    </ClCompile>
    <ClCompile Include="Renderer\ShaderPass.cpp">
      <Filter>Renderer</Filter>
    </ClCompile>
    <ClCompile Include="Renderer\PropertyBlock.cpp">
      <Filter>Renderer</Filter>
    </ClCompile>
    <ClCompile Include="Core\Stopwatch.cpp">
      <Filter>Core</Filter>
    </ClCompile>
    <ClCompile Include="Renderer\ParticleEmitter.cpp">
      <Filter>Renderer</Filter>
    </ClCompile>
    <ClCompile Include="Renderer\TextureCube.cpp">
      <Filter>Renderer</Filter>
    </ClCompile>
    <ClCompile Include="OculusRift\OVRContext.cpp">
      <Filter>OculusRift</Filter>
    </ClCompile>
    <ClCompile Include="OculusRift\OVRHeadset.cpp">
      <Filter>OculusRift</Filter>
    </ClCompile>
    <ClCompile Include="OculusRift\OVRHelper.cpp">
      <Filter>OculusRift</Filter>
    </ClCompile>
    <ClCompile Include="Math\Ray.cpp">
      <Filter>Math</Filter>
    </ClCompile>
    <ClCompile Include="Math\Contact.cpp">
      <Filter>Math</Filter>
    </ClCompile>
    <ClCompile Include="Math\OBB3.cpp">
      <Filter>Math</Filter>
    </ClCompile>
    <ClCompile Include="OculusRift\OVRInput.cpp">
      <Filter>OculusRift</Filter>
    </ClCompile>
    <ClCompile Include="Tools\Profiler\Profiler.cpp">
      <Filter>Tools\Profiler</Filter>
    </ClCompile>
    <ClCompile Include="Tools\Profiler\ProfilerMeasurement.cpp">
      <Filter>Tools\Profiler</Filter>
    </ClCompile>
    <ClCompile Include="Tools\Profiler\ProfileScope.cpp">
      <Filter>Tools\Profiler</Filter>
    </ClCompile>
    <ClCompile Include="Tools\Profiler\ProfilerReport.cpp">
      <Filter>Tools\Profiler</Filter>
    </ClCompile>
    <ClCompile Include="Tools\Profiler\ProfilerReportEntry.cpp">
      <Filter>Tools\Profiler</Filter>
    </ClCompile>
    <ClCompile Include="Core\Threading.cpp">
      <Filter>Core</Filter>
    </ClCompile>
    <ClCompile Include="Audio\Audio3D.cpp">
      <Filter>Audio</Filter>
    </ClCompile>
    <ClCompile Include="Core\Logger.cpp">
      <Filter>Core</Filter>
    </ClCompile>
    <ClCompile Include="Core\ThreadSafeTypes.cpp">
      <Filter>Core</Filter>
    </ClCompile>
  </ItemGroup>
  <ItemGroup>
    <ClInclude Include="Input\XboxController.hpp">
      <Filter>Input</Filter>
    </ClInclude>
    <ClInclude Include="Input\KeyButtonState.hpp">
      <Filter>Input</Filter>
    </ClInclude>
    <ClInclude Include="Input\InputSystem.hpp">
      <Filter>Input</Filter>
    </ClInclude>
    <ClInclude Include="Input\AnalogJoystick.hpp">
      <Filter>Input</Filter>
    </ClInclude>
    <ClInclude Include="Math\Vector2.hpp">
      <Filter>Math</Filter>
    </ClInclude>
    <ClInclude Include="Math\MathUtils.hpp">
      <Filter>Math</Filter>
    </ClInclude>
    <ClInclude Include="Math\IntVector2.hpp">
      <Filter>Math</Filter>
    </ClInclude>
    <ClInclude Include="Math\Disc2.hpp">
      <Filter>Math</Filter>
    </ClInclude>
    <ClInclude Include="Math\AABB2.hpp">
      <Filter>Math</Filter>
    </ClInclude>
    <ClInclude Include="Renderer\Renderer.hpp">
      <Filter>Renderer</Filter>
    </ClInclude>
    <ClInclude Include="Renderer\Texture.hpp">
      <Filter>Renderer</Filter>
    </ClInclude>
    <ClInclude Include="Core\EngineCommon.hpp">
      <Filter>Core</Filter>
    </ClInclude>
    <ClInclude Include="Core\Time.hpp">
      <Filter>Core</Filter>
    </ClInclude>
    <ClInclude Include="Core\Rgba.hpp">
      <Filter>Core</Filter>
    </ClInclude>
    <ClInclude Include="Math\FloatRange.hpp">
      <Filter>Math</Filter>
    </ClInclude>
    <ClInclude Include="Math\IntRange.hpp">
      <Filter>Math</Filter>
    </ClInclude>
    <ClInclude Include="Renderer\SpriteAnimation.hpp">
      <Filter>Renderer</Filter>
    </ClInclude>
    <ClInclude Include="Core\ErrorWarningAssert.hpp">
      <Filter>Core</Filter>
    </ClInclude>
    <ClInclude Include="Core\StringUtils.hpp">
      <Filter>Core</Filter>
    </ClInclude>
    <ClInclude Include="Audio\AudioSystem.hpp">
      <Filter>Audio</Filter>
    </ClInclude>
    <ClInclude Include="..\ThirdParty\fmod\fmod.h">
      <Filter>Library Dependencies\fmod</Filter>
    </ClInclude>
    <ClInclude Include="..\ThirdParty\fmod\fmod.hpp">
      <Filter>Library Dependencies\fmod</Filter>
    </ClInclude>
    <ClInclude Include="..\ThirdParty\fmod\fmod_codec.h">
      <Filter>Library Dependencies\fmod</Filter>
    </ClInclude>
    <ClInclude Include="..\ThirdParty\fmod\fmod_common.h">
      <Filter>Library Dependencies\fmod</Filter>
    </ClInclude>
    <ClInclude Include="..\ThirdParty\fmod\fmod_dsp.h">
      <Filter>Library Dependencies\fmod</Filter>
    </ClInclude>
    <ClInclude Include="..\ThirdParty\fmod\fmod_dsp_effects.h">
      <Filter>Library Dependencies\fmod</Filter>
    </ClInclude>
    <ClInclude Include="..\ThirdParty\fmod\fmod_errors.h">
      <Filter>Library Dependencies\fmod</Filter>
    </ClInclude>
    <ClInclude Include="..\ThirdParty\fmod\fmod_output.h">
      <Filter>Library Dependencies\fmod</Filter>
    </ClInclude>
    <ClInclude Include="..\ThirdParty\stb\stb_image.h">
      <Filter>Library Dependencies\stb</Filter>
    </ClInclude>
    <ClInclude Include="..\ThirdParty\tinyXML2\tinyxml2.h">
      <Filter>Library Dependencies\tinyXML2</Filter>
    </ClInclude>
    <ClInclude Include="Core\XmlUtilities.hpp">
      <Filter>Core</Filter>
    </ClInclude>
    <ClInclude Include="Core\Blackboard.hpp">
      <Filter>Core</Filter>
    </ClInclude>
    <ClInclude Include="Renderer\BitmapFont.hpp">
      <Filter>Renderer</Filter>
    </ClInclude>
    <ClInclude Include="Core\Image.hpp">
      <Filter>Core</Filter>
    </ClInclude>
    <ClInclude Include="Renderer\SpriteAnimationSet.hpp">
      <Filter>Renderer</Filter>
    </ClInclude>
    <ClInclude Include="Renderer\SpriteAnimationDefinition.hpp">
      <Filter>Renderer</Filter>
    </ClInclude>
    <ClInclude Include="Renderer\SpriteAnimationSetDefinition.hpp">
      <Filter>Renderer</Filter>
    </ClInclude>
    <ClInclude Include="Math\Matrix44.hpp">
      <Filter>Math</Filter>
    </ClInclude>
    <ClInclude Include="Core\Vertex.hpp">
      <Filter>Core</Filter>
    </ClInclude>
    <ClInclude Include="Math\Vector3.hpp">
      <Filter>Math</Filter>
    </ClInclude>
    <ClInclude Include="Math\CubicSpline.hpp">
      <Filter>Math</Filter>
    </ClInclude>
    <ClInclude Include="Renderer\GLFunctionBinding.hpp">
      <Filter>Renderer</Filter>
    </ClInclude>
    <ClInclude Include="Renderer\ShaderProgram.hpp">
      <Filter>Renderer</Filter>
    </ClInclude>
    <ClInclude Include="Renderer\RenderBuffer.hpp">
      <Filter>Renderer</Filter>
    </ClInclude>
    <ClInclude Include="FileUtils\File.hpp">
      <Filter>FileUtils</Filter>
    </ClInclude>
    <ClInclude Include="Renderer\ShadersAsRawStrings.hpp">
      <Filter>Renderer</Filter>
    </ClInclude>
    <ClInclude Include="Renderer\Sampler.hpp">
      <Filter>Renderer</Filter>
    </ClInclude>
    <ClInclude Include="Core\Window.hpp">
      <Filter>Core</Filter>
    </ClInclude>
    <ClInclude Include="Tools\Command.hpp">
      <Filter>Tools</Filter>
    </ClInclude>
    <ClInclude Include="Tools\DevConsole.hpp">
      <Filter>Tools</Filter>
    </ClInclude>
    <ClInclude Include="Renderer\Camera.hpp">
      <Filter>Renderer</Filter>
    </ClInclude>
    <ClInclude Include="Renderer\GLUtils.hpp">
      <Filter>Renderer</Filter>
    </ClInclude>
    <ClInclude Include="Renderer\Framebuffer.hpp">
      <Filter>Renderer</Filter>
    </ClInclude>
    <ClInclude Include="Math\Vector4.hpp">
      <Filter>Math</Filter>
    </ClInclude>
    <ClInclude Include="Math\IntVector3.hpp">
      <Filter>Math</Filter>
    </ClInclude>
    <ClInclude Include="Renderer\OrbitCamera.hpp">
      <Filter>Renderer</Filter>
    </ClInclude>
    <ClInclude Include="..\ThirdParty\stb\stb_image_write.h">
      <Filter>Library Dependencies\stb</Filter>
    </ClInclude>
    <ClInclude Include="Renderer\Mesh.hpp">
      <Filter>Renderer</Filter>
    </ClInclude>
    <ClInclude Include="Renderer\Sprite.hpp">
      <Filter>Renderer</Filter>
    </ClInclude>
    <ClInclude Include="Core\Clock.hpp">
      <Filter>Core</Filter>
    </ClInclude>
    <ClInclude Include="Math\Trajectory.hpp">
      <Filter>Math</Filter>
    </ClInclude>
    <ClInclude Include="Renderer\SpriteSheet.hpp">
      <Filter>Renderer</Filter>
    </ClInclude>
    <ClInclude Include="Renderer\MeshBuilder.hpp">
      <Filter>Renderer</Filter>
    </ClInclude>
    <ClInclude Include="Math\Transform.hpp">
      <Filter>Math</Filter>
    </ClInclude>
    <ClInclude Include="Renderer\DebugRenderSystem.hpp">
      <Filter>Renderer</Filter>
    </ClInclude>
    <ClInclude Include="Math\AABB3.hpp">
      <Filter>Math</Filter>
    </ClInclude>
    <ClInclude Include="Renderer\RendererTypes.hpp">
      <Filter>Renderer</Filter>
    </ClInclude>
    <ClInclude Include="Renderer\Shader.hpp">
      <Filter>Renderer</Filter>
    </ClInclude>
    <ClInclude Include="Renderer\UniformBuffer.hpp">
      <Filter>Renderer</Filter>
    </ClInclude>
    <ClInclude Include="Renderer\Light.hpp">
      <Filter>Renderer</Filter>
    </ClInclude>
    <ClInclude Include="..\ThirdParty\mikktspace\mikktspace.h">
      <Filter>Library Dependencies\mikktspace</Filter>
    </ClInclude>
    <ClInclude Include="Renderer\MeshBuilderMikkTImplementation.hpp">
      <Filter>Renderer</Filter>
    </ClInclude>
    <ClInclude Include="Renderer\SurfacePatch.hpp">
      <Filter>Renderer</Filter>
    </ClInclude>
    <ClInclude Include="Renderer\Material.hpp">
      <Filter>Renderer</Filter>
    </ClInclude>
    <ClInclude Include="Renderer\Renderable.hpp">
      <Filter>Renderer</Filter>
    </ClInclude>
    <ClInclude Include="Renderer\InputLayout.hpp">
      <Filter>Renderer</Filter>
    </ClInclude>
    <ClInclude Include="Renderer\Scene.hpp">
      <Filter>Renderer</Filter>
    </ClInclude>
    <ClInclude Include="Renderer\ForwardRenderingPath.hpp">
      <Filter>Renderer</Filter>
    </ClInclude>
    <ClInclude Include="Renderer\ShaderPass.hpp">
      <Filter>Renderer</Filter>
    </ClInclude>
    <ClInclude Include="Renderer\PropertyBlock.hpp">
      <Filter>Renderer</Filter>
    </ClInclude>
    <ClInclude Include="Core\Stopwatch.hpp">
      <Filter>Core</Filter>
    </ClInclude>
    <ClInclude Include="Renderer\ParticleEmitter.hpp">
      <Filter>Renderer</Filter>
    </ClInclude>
    <ClInclude Include="Renderer\TextureCube.hpp">
      <Filter>Renderer</Filter>
    </ClInclude>
    <ClInclude Include="OculusRift\OVRContext.hpp">
      <Filter>OculusRift</Filter>
    </ClInclude>
    <ClInclude Include="..\ThirdParty\OculusSDK\Include\OVR_CAPI.h">
      <Filter>Library Dependencies\OculusSDK</Filter>
    </ClInclude>
    <ClInclude Include="..\ThirdParty\OculusSDK\Include\OVR_CAPI_Audio.h">
      <Filter>Library Dependencies\OculusSDK</Filter>
    </ClInclude>
    <ClInclude Include="..\ThirdParty\OculusSDK\Include\OVR_CAPI_D3D.h">
      <Filter>Library Dependencies\OculusSDK</Filter>
    </ClInclude>
    <ClInclude Include="..\ThirdParty\OculusSDK\Include\OVR_CAPI_GL.h">
      <Filter>Library Dependencies\OculusSDK</Filter>
    </ClInclude>
    <ClInclude Include="..\ThirdParty\OculusSDK\Include\OVR_CAPI_Keys.h">
      <Filter>Library Dependencies\OculusSDK</Filter>
    </ClInclude>
    <ClInclude Include="..\ThirdParty\OculusSDK\Include\OVR_CAPI_Vk.h">
      <Filter>Library Dependencies\OculusSDK</Filter>
    </ClInclude>
    <ClInclude Include="..\ThirdParty\OculusSDK\Include\OVR_ErrorCode.h">
      <Filter>Library Dependencies\OculusSDK</Filter>
    </ClInclude>
    <ClInclude Include="..\ThirdParty\OculusSDK\Include\OVR_Version.h">
      <Filter>Library Dependencies\OculusSDK</Filter>
    </ClInclude>
    <ClInclude Include="..\ThirdParty\OculusSDK\Include\Extras\OVR_CAPI_Util.h">
      <Filter>Library Dependencies\OculusSDK\Extras</Filter>
    </ClInclude>
    <ClInclude Include="..\ThirdParty\OculusSDK\Include\Extras\OVR_Math.h">
      <Filter>Library Dependencies\OculusSDK\Extras</Filter>
    </ClInclude>
    <ClInclude Include="..\ThirdParty\OculusSDK\Include\Extras\OVR_StereoProjection.h">
      <Filter>Library Dependencies\OculusSDK\Extras</Filter>
    </ClInclude>
    <ClInclude Include="OculusRift\OVRHeadset.hpp">
      <Filter>OculusRift</Filter>
    </ClInclude>
    <ClInclude Include="OculusRift\OVRHelper.hpp">
      <Filter>OculusRift</Filter>
    </ClInclude>
    <ClInclude Include="Math\Ray.hpp">
      <Filter>Math</Filter>
    </ClInclude>
    <ClInclude Include="Math\Contact.hpp">
      <Filter>Math</Filter>
    </ClInclude>
    <ClInclude Include="Renderer\Fog.hpp">
      <Filter>Renderer</Filter>
    </ClInclude>
    <ClInclude Include="Math\OBB3.hpp">
      <Filter>Math</Filter>
    </ClInclude>
    <ClInclude Include="Renderer\TimeUBO.hpp">
      <Filter>Renderer</Filter>
    </ClInclude>
    <ClInclude Include="OculusRift\OVRInput.hpp">
      <Filter>OculusRift</Filter>
    </ClInclude>
    <ClInclude Include="Tools\Profiler\Profiler.hpp">
      <Filter>Tools\Profiler</Filter>
    </ClInclude>
    <ClInclude Include="Tools\Profiler\ProfilerMeasurement.hpp">
      <Filter>Tools\Profiler</Filter>
    </ClInclude>
    <ClInclude Include="Tools\Profiler\ProfileScope.hpp">
      <Filter>Tools\Profiler</Filter>
    </ClInclude>
    <ClInclude Include="Tools\Profiler\ProfilerReport.hpp">
      <Filter>Tools\Profiler</Filter>
    </ClInclude>
    <ClInclude Include="Tools\Profiler\ProfilerReportEntry.hpp">
      <Filter>Tools\Profiler</Filter>
    </ClInclude>
    <ClInclude Include="Core\Threading.hpp">
      <Filter>Core</Filter>
    </ClInclude>
    <ClInclude Include="Audio\Audio3D.hpp">
      <Filter>Audio</Filter>
    </ClInclude>
    <ClInclude Include="Core\Logger.hpp">
      <Filter>Core</Filter>
    </ClInclude>
    <ClInclude Include="Core\ThreadSafeTypes.hpp">
      <Filter>Core</Filter>
    </ClInclude>
  </ItemGroup>
</Project>